
Microsoft Visual Studio Solution File, Format Version 12.00
# Visual Studio Version 17
VisualStudioVersion = 17.5.33424.131
MinimumVisualStudioVersion = 10.0.40219.1
Project("{8BC9CEB8-8B4A-11D0-8D11-00A0C91BC942}") = "lb2_3(3.4)", "lb2_3(3.4).vcxproj", "{913A6C15-F2BB-4459-80D5-A8031DEFE6EE}"
EndProject
Global
	GlobalSection(SolutionConfigurationPlatforms) = preSolution
		Debug|x64 = Debug|x64
		Debug|x86 = Debug|x86
		Release|x64 = Release|x64
		Release|x86 = Release|x86
	EndGlobalSection
	GlobalSection(ProjectConfigurationPlatforms) = postSolution
		{913A6C15-F2BB-4459-80D5-A8031DEFE6EE}.Debug|x64.ActiveCfg = Debug|x64
		{913A6C15-F2BB-4459-80D5-A8031DEFE6EE}.Debug|x64.Build.0 = Debug|x64
		{913A6C15-F2BB-4459-80D5-A8031DEFE6EE}.Debug|x86.ActiveCfg = Debug|Win32
		{913A6C15-F2BB-4459-80D5-A8031DEFE6EE}.Debug|x86.Build.0 = Debug|Win32
		{913A6C15-F2BB-4459-80D5-A8031DEFE6EE}.Release|x64.ActiveCfg = Release|x64
		{913A6C15-F2BB-4459-80D5-A8031DEFE6EE}.Release|x64.Build.0 = Release|x64
		{913A6C15-F2BB-4459-80D5-A8031DEFE6EE}.Release|x86.ActiveCfg = Release|Win32
		{913A6C15-F2BB-4459-80D5-A8031DEFE6EE}.Release|x86.Build.0 = Release|Win32
	EndGlobalSection
	GlobalSection(SolutionProperties) = preSolution
		HideSolutionNode = FALSE
	EndGlobalSection
	GlobalSection(ExtensibilityGlobals) = postSolution
		SolutionGuid = {2EF5C857-548C-4475-B1E4-AD7CCAF5DD66}
	EndGlobalSection
EndGlobal
